
Microsoft Visual Studio Solution File, Format Version 12.00
# Visual Studio 15
VisualStudioVersion = 15.0.28307.136
MinimumVisualStudioVersion = 10.0.40219.1
Project("{FAE04EC0-301F-11D3-BF4B-00C04F79EFBC}") = "DotneCourses", "DotneCourses\DotneCourses.csproj", "{53E0673B-1AD1-4D03-820B-76659D8C6062}"
EndProject
Global
	GlobalSection(SolutionConfigurationPlatforms) = preSolution
		Debug|Any CPU = Debug|Any CPU
		Release|Any CPU = Release|Any CPU
	EndGlobalSection
	GlobalSection(ProjectConfigurationPlatforms) = postSolution
		{53E0673B-1AD1-4D03-820B-76659D8C6062}.Debug|Any CPU.ActiveCfg = Debug|Any CPU
		{53E0673B-1AD1-4D03-820B-76659D8C6062}.Debug|Any CPU.Build.0 = Debug|Any CPU
		{53E0673B-1AD1-4D03-820B-76659D8C6062}.Release|Any CPU.ActiveCfg = Release|Any CPU
		{53E0673B-1AD1-4D03-820B-76659D8C6062}.Release|Any CPU.Build.0 = Release|Any CPU
	EndGlobalSection
	GlobalSection(SolutionProperties) = preSolution
		HideSolutionNode = FALSE
	EndGlobalSection
	GlobalSection(ExtensibilityGlobals) = postSolution
		SolutionGuid = {4FC32C1A-A516-4855-8792-D537CD7DF99A}
	EndGlobalSection
EndGlobal
